
Microsoft Visual Studio Solution File, Format Version 12.00
# Visual Studio Version 17
VisualStudioVersion = 17.13.35931.197 d17.13
MinimumVisualStudioVersion = 10.0.40219.1
Project("{FAE04EC0-301F-11D3-BF4B-00C04F79EFBC}") = "Kütüphanem", "Kütüphanem\Kütüphanem.csproj", "{59588F71-AB13-4274-8633-55DCBF2FC10B}"
EndProject
Global
	GlobalSection(SolutionConfigurationPlatforms) = preSolution
		Debug|Any CPU = Debug|Any CPU
		Release|Any CPU = Release|Any CPU
	EndGlobalSection
	GlobalSection(ProjectConfigurationPlatforms) = postSolution
		{59588F71-AB13-4274-8633-55DCBF2FC10B}.Debug|Any CPU.ActiveCfg = Debug|Any CPU
		{59588F71-AB13-4274-8633-55DCBF2FC10B}.Debug|Any CPU.Build.0 = Debug|Any CPU
		{59588F71-AB13-4274-8633-55DCBF2FC10B}.Release|Any CPU.ActiveCfg = Release|Any CPU
		{59588F71-AB13-4274-8633-55DCBF2FC10B}.Release|Any CPU.Build.0 = Release|Any CPU
	EndGlobalSection
	GlobalSection(SolutionProperties) = preSolution
		HideSolutionNode = FALSE
	EndGlobalSection
	GlobalSection(ExtensibilityGlobals) = postSolution
		SolutionGuid = {F11921F8-0957-4710-A995-562E2106F1F3}
	EndGlobalSection
EndGlobal
